#MicroXplorer Configuration settings - do not modify
Mcu.Family=STM32F4
ProjectManager.MainLocation=Core/Src
PH0-OSC_IN.Locked=true
PA6.Mode=Full_Duplex_Master
PH0-OSC_IN.Signal=RCC_OSC_IN
USART2.IPParameters=VirtualMode
Dma.SPI1_TX.2.MemInc=DMA_MINC_ENABLE
RCC.CortexFreq_Value=84000000
Dma.SPI1_RX.1.Mode=DMA_NORMAL
Dma.SPI1_RX.1.FIFOMode=DMA_FIFOMODE_DISABLE
ProjectManager.KeepUserCode=true
Mcu.UserName=STM32F446RETx
SPI1.VirtualType=VM_MASTER
ADC1.ContinuousConvMode=DISABLE
RCC.PLLCLKFreq_Value=84000000
PA14.GPIO_Label=TCK
RCC.PLLQCLKFreq_Value=168000000
PB2.GPIO_Speed=GPIO_SPEED_FREQ_VERY_HIGH
ProjectManager.functionlistsort=1-MX_GPIO_Init-GPIO-false-HAL-true,2-MX_DMA_Init-DMA-false-HAL-true,3-SystemClock_Config-RCC-false-HAL-false,4-MX_USART2_UART_Init-USART2-false-HAL-true,5-MX_ADC1_Init-ADC1-false-HAL-true,6-MX_SPI1_Init-SPI1-false-HAL-true,7-MX_TIM1_Init-TIM1-false-HAL-true
PC0.GPIOParameters=GPIO_Label
PC0.GPIO_Label=CDS0
RCC.RTCFreq_Value=32000
PA3.GPIOParameters=GPIO_Label
RCC.PLLI2SRCLKFreq_Value=96000000
PC13.GPIO_Label=B1 [Blue PushButton]
PC1.Locked=true
RCC.SAIAFreq_Value=96000000
PA2.GPIOParameters=GPIO_Label
PinOutPanel.RotationAngle=0
RCC.SYSCLKSource=RCC_SYSCLKSOURCE_PLLCLK
ProjectManager.StackSize=0x400
PB5.GPIOParameters=GPIO_Label
SH.GPXTI13.0=GPIO_EXTI13
Mcu.IP4=SPI1
RCC.FCLKCortexFreq_Value=84000000
Mcu.IP5=SYS
Mcu.IP2=NVIC
NVIC.SVCall_IRQn=true\:0\:0\:false\:false\:true\:false\:false
NVIC.ADC_IRQn=true\:0\:0\:false\:false\:true\:true\:true
Mcu.IP3=RCC
Mcu.IP0=ADC1
PB4.GPIOParameters=GPIO_Label
PA15.GPIO_Label=ENCODER_INT
Mcu.IP1=DMA
Mcu.UserConstants=
PA4.Mode=NSS_Signal_Hard_Output
PC1.GPIOParameters=GPIO_Label
SH.GPXTI13.ConfNb=1
Mcu.ThirdPartyNb=0
Dma.SPI1_RX.1.PeriphInc=DMA_PINC_DISABLE
PA15.GPIO_ModeDefaultEXTI=GPIO_MODE_IT_RISING
RCC.SDIOFreq_Value=168000000
SPI1.Direction=SPI_DIRECTION_2LINES
RCC.HCLKFreq_Value=84000000
Mcu.IPNb=8
ADC1.Resolution=ADC_RESOLUTION_10B
RCC.I2SClocksFreq_Value=96000000
ProjectManager.PreviousToolchain=
RCC.APB2TimFreq_Value=84000000
Dma.ADC1.0.Direction=DMA_PERIPH_TO_MEMORY
RCC.SPDIFRXFreq_Value=168000000
RCC.VcooutputI2S=96000000
ADC1.Channel-2\#ChannelRegularConversion=ADC_CHANNEL_12
SPI1.CalculateBaudRate=1.3125 MBits/s
Mcu.Pin6=PC1
Mcu.Pin7=PC2
NVIC.DMA2_Stream0_IRQn=true\:0\:0\:false\:false\:true\:false\:true
Mcu.Pin8=PA2
Mcu.Pin9=PA3
RCC.VCOSAIOutputFreq_Value=192000000
Dma.SPI1_TX.2.Mode=DMA_NORMAL
Dma.ADC1.0.MemDataAlignment=DMA_MDATAALIGN_WORD
RCC.AHBFreq_Value=84000000
PH0-OSC_IN.Mode=HSE-External-Oscillator
Mcu.Pin0=PC13
Mcu.Pin1=PC14-OSC32_IN
GPIO.groupedBy=Group By Peripherals
Mcu.Pin2=PC15-OSC32_OUT
Mcu.Pin3=PH0-OSC_IN
Mcu.Pin4=PH1-OSC_OUT
NVIC.EXTI15_10_IRQn=true\:0\:0\:false\:true\:true\:2\:true\:true
Mcu.Pin5=PC0
ADC1.Channel-0\#ChannelRegularConversion=ADC_CHANNEL_10
ProjectManager.ProjectBuild=false
RCC.HSE_VALUE=8000000
NVIC.UsageFault_IRQn=true\:0\:0\:false\:false\:true\:true\:false
NVIC.DebugMonitor_IRQn=true\:0\:0\:false\:false\:true\:true\:false
PB2.Signal=GPIO_Output
PB3.Mode=Trace_Asynchronous_SW
Dma.SPI1_RX.1.Priority=DMA_PRIORITY_LOW
NVIC.SysTick_IRQn=true\:0\:0\:true\:false\:true\:true\:true
ProjectManager.FirmwarePackage=STM32Cube FW_F4 V1.26.1
MxDb.Version=DB.6.0.21
ADC1.Rank-2\#ChannelRegularConversion=3
ProjectManager.BackupPrevious=false
PC14-OSC32_IN.Mode=LSE-External-Oscillator
RCC.VCOInputFreq_Value=1000000
PB1.GPIO_Speed=GPIO_SPEED_FREQ_VERY_HIGH
PA14.Mode=Trace_Asynchronous_SW
PB1.GPIO_Label=MARK2
Dma.ADC1.0.PeriphInc=DMA_PINC_DISABLE
File.Version=6
PH1-OSC_OUT.Locked=true
SH.ADCx_IN11.ConfNb=1
PB3.GPIOParameters=GPIO_Label
RCC.PLLRCLKFreq_Value=168000000
SPI1.VirtualNSS=VM_NSSHARD
NVIC.PendSV_IRQn=true\:0\:0\:false\:false\:true\:false\:false
Dma.RequestsNb=3
ProjectManager.HalAssertFull=false
VP_TIM1_VS_ClockSourceINT.Mode=Internal
ADC1.SamplingTime-0\#ChannelRegularConversion=ADC_SAMPLETIME_3CYCLES
Dma.SPI1_RX.1.Direction=DMA_PERIPH_TO_MEMORY
ProjectManager.ProjectName=SMMS_Motherboard
RCC.FLatency-AdvancedSettings=FLASH_LATENCY_2
PA13.GPIOParameters=GPIO_Label
PB1.PinState=GPIO_PIN_RESET
PH1-OSC_OUT.Mode=HSE-External-Oscillator
RCC.MCO2PinFreq_Value=84000000
Dma.SPI1_TX.2.MemDataAlignment=DMA_MDATAALIGN_BYTE
Mcu.Package=LQFP64
PB1.Signal=GPIO_Output
PA6.Signal=SPI1_MISO
USART2.VirtualMode=VM_ASYNC
PA14.Locked=true
ProjectManager.ToolChainLocation=
PA2.GPIO_Label=USART_TX
RCC.LSI_VALUE=32000
VP_SYS_VS_Systick.Signal=SYS_VS_Systick
PA15.Signal=GPXTI15
PC6.GPIO_PuPd=GPIO_PULLUP
PB5.GPIO_Label=SHUTTER
NVIC.DMA2_Stream2_IRQn=true\:0\:0\:false\:false\:true\:false\:true
Dma.Request2=SPI1_TX
RCC.CECFreq_Value=32786.88524590164
Dma.Request1=SPI1_RX
RCC.APB1TimFreq_Value=84000000
NVIC.BusFault_IRQn=true\:0\:0\:false\:false\:true\:true\:false
Dma.ADC1.0.FIFOMode=DMA_FIFOMODE_DISABLE
Dma.SPI1_TX.2.Priority=DMA_PRIORITY_LOW
RCC.SAIBFreq_Value=96000000
Dma.Request0=ADC1
SPI1.BaudRatePrescaler=SPI_BAUDRATEPRESCALER_64
Dma.SPI1_RX.1.MemInc=DMA_MINC_ENABLE
PC2.GPIO_Label=CDS2
ProjectManager.CustomerFirmwarePackage=
PC14-OSC32_IN.Locked=true
RCC.PLLSAIQCLKFreq_Value=96000000
PB3.Locked=true
PB4.Signal=GPIO_Output
Dma.SPI1_TX.2.PeriphInc=DMA_PINC_DISABLE
PA3.Signal=USART2_RX
PA5.Mode=Full_Duplex_Master
PA2.Locked=true
PB3.GPIO_Label=SWO
Dma.SPI1_RX.1.Instance=DMA2_Stream2
PC15-OSC32_OUT.Mode=LSE-External-Oscillator
ProjectManager.ProjectFileName=SMMS_Motherboard.ioc
Dma.ADC1.0.Instance=DMA2_Stream0
ADC1.Rank-0\#ChannelRegularConversion=1
PA7.Mode=Full_Duplex_Master
Dma.SPI1_TX.2.Direction=DMA_MEMORY_TO_PERIPH
PA15.GPIOParameters=GPIO_PuPd,GPIO_Label,GPIO_ModeDefaultEXTI
Mcu.PinsNb=25
ProjectManager.NoMain=false
SPI1.IPParameters=VirtualType,Mode,Direction,CalculateBaudRate,BaudRatePrescaler,VirtualNSS
ADC1.IPParameters=Rank-0\#ChannelRegularConversion,master,Channel-0\#ChannelRegularConversion,SamplingTime-0\#ChannelRegularConversion,NbrOfConversionFlag,Resolution,Rank-1\#ChannelRegularConversion,Channel-1\#ChannelRegularConversion,SamplingTime-1\#ChannelRegularConversion,Rank-2\#ChannelRegularConversion,Channel-2\#ChannelRegularConversion,SamplingTime-2\#ChannelRegularConversion,NbrOfConversion,EnableAnalogWatchDog,ContinuousConvMode
PC13.Locked=true
Dma.SPI1_RX.1.MemDataAlignment=DMA_MDATAALIGN_BYTE
PC13.Signal=GPXTI13
RCC.FMPI2C1Freq_Value=42000000
RCC.VCOI2SInputFreq_Value=1000000
PC2.Signal=ADCx_IN12
PC6.Signal=GPXTI6
ProjectManager.DefaultFWLocation=true
ProjectManager.DeletePrevious=true
PC0.Signal=ADCx_IN10
RCC.APB1CLKDivider=RCC_HCLK_DIV2
PC14-OSC32_IN.Signal=RCC_OSC32_IN
boardIOC=true
NVIC.USART2_IRQn=true\:0\:0\:false\:true\:true\:1\:true\:true
ADC1.SamplingTime-2\#ChannelRegularConversion=ADC_SAMPLETIME_3CYCLES
RCC.FamilyName=M
SH.GPXTI6.0=GPIO_EXTI6
PA3.Mode=Asynchronous
PA13.Signal=SYS_JTMS-SWDIO
SH.GPXTI6.ConfNb=1
Dma.ADC1.0.PeriphDataAlignment=DMA_PDATAALIGN_WORD
PA15.Locked=true
SH.ADCx_IN12.0=ADC1_IN12,IN12
Dma.SPI1_TX.2.Instance=DMA2_Stream3
PC15-OSC32_OUT.Locked=true
PC6.GPIO_ModeDefaultEXTI=GPIO_MODE_IT_FALLING
ProjectManager.TargetToolchain=STM32CubeIDE
Dma.ADC1.0.Mode=DMA_CIRCULAR
PC6.Locked=true
Dma.ADC1.0.Priority=DMA_PRIORITY_LOW
PB2.GPIOParameters=GPIO_Speed,GPIO_Label
ADC1.Channel-1\#ChannelRegularConversion=ADC_CHANNEL_11
VP_TIM1_VS_ClockSourceINT.Signal=TIM1_VS_ClockSourceINT
Dma.SPI1_TX.2.FIFOMode=DMA_FIFOMODE_DISABLE
PB5.Locked=true
RCC.VCOInputMFreq_Value=1000000
PC2.Locked=true
ProjectManager.RegisterCallBack=
RCC.USBFreq_Value=168000000
Dma.SPI1_TX.2.PeriphDataAlignment=DMA_PDATAALIGN_BYTE
NVIC.DMA2_Stream3_IRQn=true\:0\:0\:false\:false\:true\:false\:true
PC15-OSC32_OUT.Signal=RCC_OSC32_OUT
PB1.Locked=true
RCC.VCOI2SOutputFreq_Value=192000000
PA5.Signal=SPI1_SCK
Dma.SPI1_RX.1.RequestParameters=Instance,Direction,PeriphInc,MemInc,PeriphDataAlignment,MemDataAlignment,Mode,Priority,FIFOMode
RCC.PLLSAIPCLKFreq_Value=96000000
board=NUCLEO-F446RE
RCC.VCOOutputFreq_Value=336000000
ProjectManager.LastFirmware=true
ADC1.EnableAnalogWatchDog=false
Dma.ADC1.0.RequestParameters=Instance,Direction,PeriphInc,MemInc,PeriphDataAlignment,MemDataAlignment,Mode,Priority,FIFOMode
NVIC.SPI1_IRQn=true\:0\:0\:false\:false\:true\:true\:true
RCC.APB2Freq_Value=84000000
SH.ADCx_IN11.0=ADC1_IN11,IN11
Dma.SPI1_TX.2.RequestParameters=Instance,Direction,PeriphInc,MemInc,PeriphDataAlignment,MemDataAlignment,Mode,Priority,FIFOMode
MxCube.Version=6.2.1
PB4.GPIO_Label=AUTOFOCUS
RCC.PLLI2SPCLKFreq_Value=96000000
SPI1.Mode=SPI_MODE_MASTER
PC13.GPIOParameters=GPIO_Label,GPIO_ModeDefaultEXTI
PC2.GPIOParameters=GPIO_Label
SH.ADCx_IN10.ConfNb=1
PC1.GPIO_Label=CDS1
VP_SYS_VS_Systick.Mode=SysTick
RCC.EthernetFreq_Value=84000000
SH.ADCx_IN12.ConfNb=1
PH1-OSC_OUT.Signal=RCC_OSC_OUT
NVIC.NonMaskableInt_IRQn=true\:0\:0\:false\:false\:true\:true\:false
ADC1.NbrOfConversion=3
PA13.Mode=Trace_Asynchronous_SW
ProjectManager.FreePins=false
RCC.IPParameters=48MHZClocksFreq_Value,AHBFreq_Value,APB1CLKDivider,APB1Freq_Value,APB1TimFreq_Value,APB2Freq_Value,APB2TimFreq_Value,CECFreq_Value,CortexFreq_Value,EthernetFreq_Value,FCLKCortexFreq_Value,FLatency-AdvancedSettings,FMPI2C1Freq_Value,FamilyName,HCLKFreq_Value,HSE_VALUE,HSI_VALUE,I2SClocksFreq_Value,LSI_VALUE,MCO2PinFreq_Value,PLLCLKFreq_Value,PLLI2SPCLKFreq_Value,PLLI2SQCLKFreq_Value,PLLI2SRCLKFreq_Value,PLLN,PLLP,PLLQCLKFreq_Value,PLLRCLKFreq_Value,PLLSAIPCLKFreq_Value,PLLSAIQCLKFreq_Value,PWRFreq_Value,RTCFreq_Value,RTCHSEDivFreq_Value,SAIAFreq_Value,SAIBFreq_Value,SDIOFreq_Value,SPDIFRXFreq_Value,SYSCLKFreq_VALUE,SYSCLKSource,USBFreq_Value,VCOI2SInputFreq_Value,VCOI2SOutputFreq_Value,VCOInputFreq_Value,VCOInputMFreq_Value,VCOOutputFreq_Value,VCOSAIInputFreq_Value,VCOSAIOutputFreq_Value,VcooutputI2S
ProjectManager.AskForMigrate=true
Mcu.Name=STM32F446R(C-E)Tx
RCC.PLLI2SQCLKFreq_Value=96000000
RCC.RTCHSEDivFreq_Value=4000000
PA2.Signal=USART2_TX
PA13.GPIO_Label=TMS
Mcu.Pin24=VP_TIM1_VS_ClockSourceINT
ProjectManager.UnderRoot=true
PB2.Locked=true
Dma.SPI1_RX.1.PeriphDataAlignment=DMA_PDATAALIGN_BYTE
Mcu.IP6=TIM1
RCC.VCOSAIInputFreq_Value=1000000
Mcu.IP7=USART2
ProjectManager.CoupleFile=false
PB4.Locked=true
RCC.48MHZClocksFreq_Value=84000000
PB3.Signal=SYS_JTDO-SWO
ADC1.SamplingTime-1\#ChannelRegularConversion=ADC_SAMPLETIME_3CYCLES
PA4.Signal=SPI1_NSS
RCC.SYSCLKFreq_VALUE=84000000
PB5.Signal=GPIO_Output
Mcu.Pin22=PB5
Mcu.Pin23=VP_SYS_VS_Systick
Mcu.Pin20=PB3
ADC1.master=1
PA3.Locked=true
Mcu.Pin21=PB4
NVIC.ForceEnableDMAVector=true
KeepUserPlacement=false
PC13.GPIO_ModeDefaultEXTI=GPIO_MODE_IT_FALLING
PA14.GPIOParameters=GPIO_Label
NVIC.MemoryManagement_IRQn=true\:0\:0\:false\:false\:true\:true\:false
PA13.Locked=true
ProjectManager.CompilerOptimize=6
ADC1.Rank-1\#ChannelRegularConversion=2
NVIC.EXTI9_5_IRQn=true\:0\:0\:false\:false\:true\:true\:true
PA14.Signal=SYS_JTCK-SWCLK
Dma.ADC1.0.MemInc=DMA_MINC_ENABLE
PB2.GPIO_Label=MARK3
SH.ADCx_IN10.0=ADC1_IN10,IN10
ProjectManager.HeapSize=0x200
Mcu.Pin15=PB2
NVIC.HardFault_IRQn=true\:0\:0\:false\:false\:true\:true\:false
Mcu.Pin16=PC6
Mcu.Pin13=PA7
Mcu.Pin14=PB1
PC6.GPIOParameters=GPIO_PuPd,GPIO_ModeDefaultEXTI
Mcu.Pin19=PA15
SH.GPXTI15.ConfNb=1
ProjectManager.ComputerToolchain=false
Mcu.Pin17=PA13
RCC.HSI_VALUE=16000000
Mcu.Pin18=PA14
RCC.PLLP=RCC_PLLP_DIV4
NVIC.PriorityGroup=NVIC_PRIORITYGROUP_0
ADC1.NbrOfConversionFlag=1
Mcu.Pin11=PA5
SH.GPXTI15.0=GPIO_EXTI15
Mcu.Pin12=PA6
RCC.PLLN=336
Mcu.Pin10=PA4
PA15.GPIO_PuPd=GPIO_NOPULL
PA2.Mode=Asynchronous
RCC.PWRFreq_Value=84000000
RCC.APB1Freq_Value=42000000
PC0.Locked=true
ProjectManager.DeviceId=STM32F446RETx
PC1.Signal=ADCx_IN11
ProjectManager.LibraryCopy=1
PA3.GPIO_Label=USART_RX
PB1.GPIOParameters=GPIO_Speed,PinState,GPIO_Label
PA7.Signal=SPI1_MOSI
isbadioc=false
